PODS:
  - AppSamuraiAdSDK (0.9.12)

DEPENDENCIES:
  - AppSamuraiAdSDK

SPEC REPOS:
  https://github.com/cocoapods/specs.git:
    - AppSamuraiAdSDK

SPEC CHECKSUMS:
  AppSamuraiAdSDK: 2e7641df06d645d874598b529cf07f096a0ca30a

PODFILE CHECKSUM: 200837f38d20fbfd07262fd418dc201db4adc250

COCOAPODS: 1.5.3
