PODS:
  - AppSamuraiAdSDK (0.9.4)

DEPENDENCIES:
  - AppSamuraiAdSDK

SPEC REPOS:
  https://github.com/cocoapods/specs.git:
    - AppSamuraiAdSDK

SPEC CHECKSUMS:
  AppSamuraiAdSDK: 36610c8ac2d8b38c20fd88eb9ce7822e91afff1e

PODFILE CHECKSUM: 200837f38d20fbfd07262fd418dc201db4adc250

COCOAPODS: 1.5.3
