PODS:
  - AppSamuraiAdSDK (1.3.1)

DEPENDENCIES:
  - AppSamuraiAdSDK

SPEC REPOS:
  https://github.com/cocoapods/specs.git:
    - AppSamuraiAdSDK

SPEC CHECKSUMS:
  AppSamuraiAdSDK: 0d32c9260ce21bb33b9f57eaa0be78310663e638

PODFILE CHECKSUM: 200837f38d20fbfd07262fd418dc201db4adc250

COCOAPODS: 1.6.1
