PODS:
  - AppSamuraiAdSDK (0.9.14)

DEPENDENCIES:
  - AppSamuraiAdSDK

SPEC REPOS:
  https://github.com/cocoapods/specs.git:
    - AppSamuraiAdSDK

SPEC CHECKSUMS:
  AppSamuraiAdSDK: b85e743a3290601decde67e8279d4fa06d2d3432

PODFILE CHECKSUM: 200837f38d20fbfd07262fd418dc201db4adc250

COCOAPODS: 1.5.3
